// !$*UTF8*$!
{
	archiveVersion = 1;
	classes = {
	};
	objectVersion = 46;
	objects = {

/* Begin PBXBuildFile section */
		8F0656BA1AE9D739007329CF /* AboutTableViewCell.swift in Sources */ = {isa = PBXBuildFile; fileRef = 8F0656B91AE9D739007329CF /* AboutTableViewCell.swift */; };
		8F4247531ADDE348002BA699 /* AppDelegate.swift in Sources */ = {isa = PBXBuildFile; fileRef = 8F4247521ADDE348002BA699 /* AppDelegate.swift */; };
		8F4247581ADDE348002BA699 /* ViewController.swift in Sources */ = {isa = PBXBuildFile; fileRef = 8F4247571ADDE348002BA699 /* ViewController.swift */; };
		8F42475D1ADDE348002BA699 /* Images.xcassets in Resources */ = {isa = PBXBuildFile; fileRef = 8F42475C1ADDE348002BA699 /* Images.xcassets */; };
		8F4247601ADDE348002BA699 /* LaunchScreen.xib in Resources */ = {isa = PBXBuildFile; fileRef = 8F42475E1ADDE348002BA699 /* LaunchScreen.xib */; };
		8F42476C1ADDE348002BA699 /* DiegoDosSantosTests.swift in Sources */ = {isa = PBXBuildFile; fileRef = 8F42476B1ADDE348002BA699 /* DiegoDosSantosTests.swift */; };
		8F6768551AE06ABB00E52854 /* TitleTableViewCell.swift in Sources */ = {isa = PBXBuildFile; fileRef = 8F6768541AE06ABB00E52854 /* TitleTableViewCell.swift */; };
		8F6768571AE09E3300E52854 /* TextTableViewCell.swift in Sources */ = {isa = PBXBuildFile; fileRef = 8F6768561AE09E3300E52854 /* TextTableViewCell.swift */; };
		8FB399811AEB149C00975653 /* FirstTableViewCell.swift in Sources */ = {isa = PBXBuildFile; fileRef = 8FB399801AEB149C00975653 /* FirstTableViewCell.swift */; };
		8FB399831AEB14A500975653 /* SecondTableViewCell.swift in Sources */ = {isa = PBXBuildFile; fileRef = 8FB399821AEB14A500975653 /* SecondTableViewCell.swift */; };
		8FB399851AEB14AE00975653 /* ThirdTableViewCell.swift in Sources */ = {isa = PBXBuildFile; fileRef = 8FB399841AEB14AE00975653 /* ThirdTableViewCell.swift */; };
		8FB399871AEB337D00975653 /* ImageCollectionViewCell.swift in Sources */ = {isa = PBXBuildFile; fileRef = 8FB399861AEB337D00975653 /* ImageCollectionViewCell.swift */; };
		8FB399891AEBF7C100975653 /* PageContentViewController.swift in Sources */ = {isa = PBXBuildFile; fileRef = 8FB399881AEBF7C100975653 /* PageContentViewController.swift */; };
		8FB3998B1AEBF7F500975653 /* PageViewController.swift in Sources */ = {isa = PBXBuildFile; fileRef = 8FB3998A1AEBF7F500975653 /* PageViewController.swift */; };
		8FB3998D1AEC0EA100975653 /* WebViewController.swift in Sources */ = {isa = PBXBuildFile; fileRef = 8FB3998C1AEC0EA100975653 /* WebViewController.swift */; };
		8FBE75681AE6E39100ACC21E /* Main.storyboard in Resources */ = {isa = PBXBuildFile; fileRef = 8FBE75661AE6E39100ACC21E /* Main.storyboard */; };
		8FBE756A1AE6F1EC00ACC21E /* myInfo.plist in Resources */ = {isa = PBXBuildFile; fileRef = 8FBE75691AE6F1EC00ACC21E /* myInfo.plist */; };
		8FBE756E1AE71CCF00ACC21E /* ProjectsTableViewCell.swift in Sources */ = {isa = PBXBuildFile; fileRef = 8FBE756D1AE71CCF00ACC21E /* ProjectsTableViewCell.swift */; };
		8FBE75701AE73F1100ACC21E /* ProjectViewController.swift in Sources */ = {isa = PBXBuildFile; fileRef = 8FBE756F1AE73F1100ACC21E /* ProjectViewController.swift */; };
/* End PBXBuildFile section */

/* Begin PBXContainerItemProxy section */
		8F4247661ADDE348002BA699 /* PBXContainerItemProxy */ = {
			isa = PBXContainerItemProxy;
			containerPortal = 8F4247451ADDE348002BA699 /* Project object */;
			proxyType = 1;
			remoteGlobalIDString = 8F42474C1ADDE348002BA699;
			remoteInfo = DiegoDosSantos;
		};
/* End PBXContainerItemProxy section */

/* Begin PBXFileReference section */
		8F0656B91AE9D739007329CF /* AboutTableViewCell.swift */ = {isa = PBXFileReference; fileEncoding = 4; lastKnownFileType = sourcecode.swift; path = AboutTableViewCell.swift; sourceTree = "<group>"; };
		8F42474D1ADDE348002BA699 /* DiegoDosSantos.app */ = {isa = PBXFileReference; explicitFileType = wrapper.application; includeInIndex = 0; path = DiegoDosSantos.app; sourceTree = BUILT_PRODUCTS_DIR; };
		8F4247511ADDE348002BA699 /* Info.plist */ = {isa = PBXFileReference; lastKnownFileType = text.plist.xml; path = Info.plist; sourceTree = "<group>"; };
		8F4247521ADDE348002BA699 /* AppDelegate.swift */ = {isa = PBXFileReference; lastKnownFileType = sourcecode.swift; path = AppDelegate.swift; sourceTree = "<group>"; };
		8F4247571ADDE348002BA699 /* ViewController.swift */ = {isa = PBXFileReference; lastKnownFileType = sourcecode.swift; path = ViewController.swift; sourceTree = "<group>"; };
		8F42475C1ADDE348002BA699 /* Images.xcassets */ = {isa = PBXFileReference; lastKnownFileType = folder.assetcatalog; path = Images.xcassets; sourceTree = "<group>"; };
		8F42475F1ADDE348002BA699 /* Base */ = {isa = PBXFileReference; lastKnownFileType = file.xib; name = Base; path = Base.lproj/LaunchScreen.xib; sourceTree = "<group>"; };
		8F4247651ADDE348002BA699 /* DiegoDosSantosTests.xctest */ = {isa = PBXFileReference; explicitFileType = wrapper.cfbundle; includeInIndex = 0; path = DiegoDosSantosTests.xctest; sourceTree = BUILT_PRODUCTS_DIR; };
		8F42476A1ADDE348002BA699 /* Info.plist */ = {isa = PBXFileReference; lastKnownFileType = text.plist.xml; path = Info.plist; sourceTree = "<group>"; };
		8F42476B1ADDE348002BA699 /* DiegoDosSantosTests.swift */ = {isa = PBXFileReference; lastKnownFileType = sourcecode.swift; path = DiegoDosSantosTests.swift; sourceTree = "<group>"; };
		8F6768541AE06ABB00E52854 /* TitleTableViewCell.swift */ = {isa = PBXFileReference; fileEncoding = 4; lastKnownFileType = sourcecode.swift; path = TitleTableViewCell.swift; sourceTree = "<group>"; };
		8F6768561AE09E3300E52854 /* TextTableViewCell.swift */ = {isa = PBXFileReference; fileEncoding = 4; lastKnownFileType = sourcecode.swift; path = TextTableViewCell.swift; sourceTree = "<group>"; };
		8FB399801AEB149C00975653 /* FirstTableViewCell.swift */ = {isa = PBXFileReference; fileEncoding = 4; lastKnownFileType = sourcecode.swift; path = FirstTableViewCell.swift; sourceTree = "<group>"; };
		8FB399821AEB14A500975653 /* SecondTableViewCell.swift */ = {isa = PBXFileReference; fileEncoding = 4; lastKnownFileType = sourcecode.swift; path = SecondTableViewCell.swift; sourceTree = "<group>"; };
		8FB399841AEB14AE00975653 /* ThirdTableViewCell.swift */ = {isa = PBXFileReference; fileEncoding = 4; lastKnownFileType = sourcecode.swift; path = ThirdTableViewCell.swift; sourceTree = "<group>"; };
		8FB399861AEB337D00975653 /* ImageCollectionViewCell.swift */ = {isa = PBXFileReference; fileEncoding = 4; lastKnownFileType = sourcecode.swift; path = ImageCollectionViewCell.swift; sourceTree = "<group>"; };
		8FB399881AEBF7C100975653 /* PageContentViewController.swift */ = {isa = PBXFileReference; fileEncoding = 4; lastKnownFileType = sourcecode.swift; path = PageContentViewController.swift; sourceTree = "<group>"; };
		8FB3998A1AEBF7F500975653 /* PageViewController.swift */ = {isa = PBXFileReference; fileEncoding = 4; lastKnownFileType = sourcecode.swift; path = PageViewController.swift; sourceTree = "<group>"; };
		8FB3998C1AEC0EA100975653 /* WebViewController.swift */ = {isa = PBXFileReference; fileEncoding = 4; lastKnownFileType = sourcecode.swift; path = WebViewController.swift; sourceTree = "<group>"; };
		8FBE75671AE6E39100ACC21E /* Base */ = {isa = PBXFileReference; lastKnownFileType = file.storyboard; name = Base; path = Base.lproj/Main.storyboard; sourceTree = "<group>"; };
		8FBE75691AE6F1EC00ACC21E /* myInfo.plist */ = {isa = PBXFileReference; fileEncoding = 4; lastKnownFileType = text.plist.xml; path = myInfo.plist; sourceTree = "<group>"; };
		8FBE756D1AE71CCF00ACC21E /* ProjectsTableViewCell.swift */ = {isa = PBXFileReference; fileEncoding = 4; lastKnownFileType = sourcecode.swift; path = ProjectsTableViewCell.swift; sourceTree = "<group>"; };
		8FBE756F1AE73F1100ACC21E /* ProjectViewController.swift */ = {isa = PBXFileReference; fileEncoding = 4; lastKnownFileType = sourcecode.swift; path = ProjectViewController.swift; sourceTree = "<group>"; };
/* End PBXFileReference section */

/* Begin PBXFrameworksBuildPhase section */
		8F42474A1ADDE348002BA699 /* Frameworks */ = {
			isa = PBXFrameworksBuildPhase;
			buildActionMask = 2147483647;
			files = (
			);
			runOnlyForDeploymentPostprocessing = 0;
		};
		8F4247621ADDE348002BA699 /* Frameworks */ = {
			isa = PBXFrameworksBuildPhase;
			buildActionMask = 2147483647;
			files = (
			);
			runOnlyForDeploymentPostprocessing = 0;
		};
/* End PBXFrameworksBuildPhase section */

/* Begin PBXGroup section */
		8F4247441ADDE348002BA699 = {
			isa = PBXGroup;
			children = (
				8F42474F1ADDE348002BA699 /* DiegoDosSantos */,
				8F4247681ADDE348002BA699 /* DiegoDosSantosTests */,
				8F42474E1ADDE348002BA699 /* Products */,
			);
			sourceTree = "<group>";
		};
		8F42474E1ADDE348002BA699 /* Products */ = {
			isa = PBXGroup;
			children = (
				8F42474D1ADDE348002BA699 /* DiegoDosSantos.app */,
				8F4247651ADDE348002BA699 /* DiegoDosSantosTests.xctest */,
			);
			name = Products;
			sourceTree = "<group>";
		};
		8F42474F1ADDE348002BA699 /* DiegoDosSantos */ = {
			isa = PBXGroup;
			children = (
				8F6768531AE06A8C00E52854 /* Controllers */,
				8F6768521AE06A7D00E52854 /* Cells */,
				8FB3997F1AEB147100975653 /* projectsCell */,
				8F4247521ADDE348002BA699 /* AppDelegate.swift */,
				8F42475C1ADDE348002BA699 /* Images.xcassets */,
				8F42475E1ADDE348002BA699 /* LaunchScreen.xib */,
				8FBE75661AE6E39100ACC21E /* Main.storyboard */,
				8F4247501ADDE348002BA699 /* Supporting Files */,
			);
			path = DiegoDosSantos;
			sourceTree = "<group>";
		};
		8F4247501ADDE348002BA699 /* Supporting Files */ = {
			isa = PBXGroup;
			children = (
				8F4247511ADDE348002BA699 /* Info.plist */,
				8FBE75691AE6F1EC00ACC21E /* myInfo.plist */,
			);
			name = "Supporting Files";
			sourceTree = "<group>";
		};
		8F4247681ADDE348002BA699 /* DiegoDosSantosTests */ = {
			isa = PBXGroup;
			children = (
				8F42476B1ADDE348002BA699 /* DiegoDosSantosTests.swift */,
				8F4247691ADDE348002BA699 /* Supporting Files */,
			);
			path = DiegoDosSantosTests;
			sourceTree = "<group>";
		};
		8F4247691ADDE348002BA699 /* Supporting Files */ = {
			isa = PBXGroup;
			children = (
				8F42476A1ADDE348002BA699 /* Info.plist */,
			);
			name = "Supporting Files";
			sourceTree = "<group>";
		};
		8F6768521AE06A7D00E52854 /* Cells */ = {
			isa = PBXGroup;
			children = (
				8F6768541AE06ABB00E52854 /* TitleTableViewCell.swift */,
				8F6768561AE09E3300E52854 /* TextTableViewCell.swift */,
				8FBE756D1AE71CCF00ACC21E /* ProjectsTableViewCell.swift */,
				8F0656B91AE9D739007329CF /* AboutTableViewCell.swift */,
			);
			name = Cells;
			sourceTree = "<group>";
		};
		8F6768531AE06A8C00E52854 /* Controllers */ = {
			isa = PBXGroup;
			children = (
				8F4247571ADDE348002BA699 /* ViewController.swift */,
				8FBE756F1AE73F1100ACC21E /* ProjectViewController.swift */,
				8FB399881AEBF7C100975653 /* PageContentViewController.swift */,
				8FB3998A1AEBF7F500975653 /* PageViewController.swift */,
				8FB3998C1AEC0EA100975653 /* WebViewController.swift */,
			);
			name = Controllers;
			sourceTree = "<group>";
		};
		8FB3997F1AEB147100975653 /* projectsCell */ = {
			isa = PBXGroup;
			children = (
				8FB399801AEB149C00975653 /* FirstTableViewCell.swift */,
				8FB399821AEB14A500975653 /* SecondTableViewCell.swift */,
				8FB399841AEB14AE00975653 /* ThirdTableViewCell.swift */,
				8FB399861AEB337D00975653 /* ImageCollectionViewCell.swift */,
			);
			name = projectsCell;
			sourceTree = "<group>";
		};
/* End PBXGroup section */

/* Begin PBXNativeTarget section */
		8F42474C1ADDE348002BA699 /* DiegoDosSantos */ = {
			isa = PBXNativeTarget;
			buildConfigurationList = 8F42476F1ADDE348002BA699 /* Build configuration list for PBXNativeTarget "DiegoDosSantos" */;
			buildPhases = (
				8F4247491ADDE348002BA699 /* Sources */,
				8F42474A1ADDE348002BA699 /* Frameworks */,
				8F42474B1ADDE348002BA699 /* Resources */,
			);
			buildRules = (
			);
			dependencies = (
			);
			name = DiegoDosSantos;
			productName = DiegoDosSantos;
			productReference = 8F42474D1ADDE348002BA699 /* DiegoDosSantos.app */;
			productType = "com.apple.product-type.application";
		};
		8F4247641ADDE348002BA699 /* DiegoDosSantosTests */ = {
			isa = PBXNativeTarget;
			buildConfigurationList = 8F4247721ADDE348002BA699 /* Build configuration list for PBXNativeTarget "DiegoDosSantosTests" */;
			buildPhases = (
				8F4247611ADDE348002BA699 /* Sources */,
				8F4247621ADDE348002BA699 /* Frameworks */,
				8F4247631ADDE348002BA699 /* Resources */,
			);
			buildRules = (
			);
			dependencies = (
				8F4247671ADDE348002BA699 /* PBXTargetDependency */,
			);
			name = DiegoDosSantosTests;
			productName = DiegoDosSantosTests;
			productReference = 8F4247651ADDE348002BA699 /* DiegoDosSantosTests.xctest */;
			productType = "com.apple.product-type.bundle.unit-test";
		};
/* End PBXNativeTarget section */

/* Begin PBXProject section */
		8F4247451ADDE348002BA699 /* Project object */ = {
			isa = PBXProject;
			attributes = {
				LastUpgradeCheck = 0630;
				ORGANIZATIONNAME = "Diego dos Santos";
				TargetAttributes = {
					8F42474C1ADDE348002BA699 = {
						CreatedOnToolsVersion = 6.3;
					};
					8F4247641ADDE348002BA699 = {
						CreatedOnToolsVersion = 6.3;
						TestTargetID = 8F42474C1ADDE348002BA699;
					};
				};
			};
			buildConfigurationList = 8F4247481ADDE348002BA699 /* Build configuration list for PBXProject "DiegoDosSantos" */;
			compatibilityVersion = "Xcode 3.2";
			developmentRegion = English;
			hasScannedForEncodings = 0;
			knownRegions = (
				en,
				Base,
			);
			mainGroup = 8F4247441ADDE348002BA699;
			productRefGroup = 8F42474E1ADDE348002BA699 /* Products */;
			projectDirPath = "";
			projectRoot = "";
			targets = (
				8F42474C1ADDE348002BA699 /* DiegoDosSantos */,
				8F4247641ADDE348002BA699 /* DiegoDosSantosTests */,
			);
		};
/* End PBXProject section */

/* Begin PBXResourcesBuildPhase section */
		8F42474B1ADDE348002BA699 /* Resources */ = {
			isa = PBXResourcesBuildPhase;
			buildActionMask = 2147483647;
			files = (
				8FBE756A1AE6F1EC00ACC21E /* myInfo.plist in Resources */,
				8FBE75681AE6E39100ACC21E /* Main.storyboard in Resources */,
				8F4247601ADDE348002BA699 /* LaunchScreen.xib in Resources */,
				8F42475D1ADDE348002BA699 /* Images.xcassets in Resources */,
			);
			runOnlyForDeploymentPostprocessing = 0;
		};
		8F4247631ADDE348002BA699 /* Resources */ = {
			isa = PBXResourcesBuildPhase;
			buildActionMask = 2147483647;
			files = (
			);
			runOnlyForDeploymentPostprocessing = 0;
		};
/* End PBXResourcesBuildPhase section */

/* Begin PBXSourcesBuildPhase section */
		8F4247491ADDE348002BA699 /* Sources */ = {
			isa = PBXSourcesBuildPhase;
			buildActionMask = 2147483647;
			files = (
				8FB399811AEB149C00975653 /* FirstTableViewCell.swift in Sources */,
				8FB3998B1AEBF7F500975653 /* PageViewController.swift in Sources */,
				8FB399831AEB14A500975653 /* SecondTableViewCell.swift in Sources */,
				8F6768571AE09E3300E52854 /* TextTableViewCell.swift in Sources */,
				8FB399851AEB14AE00975653 /* ThirdTableViewCell.swift in Sources */,
				8F0656BA1AE9D739007329CF /* AboutTableViewCell.swift in Sources */,
				8FBE756E1AE71CCF00ACC21E /* ProjectsTableViewCell.swift in Sources */,
				8FB399871AEB337D00975653 /* ImageCollectionViewCell.swift in Sources */,
				8F6768551AE06ABB00E52854 /* TitleTableViewCell.swift in Sources */,
				8F4247581ADDE348002BA699 /* ViewController.swift in Sources */,
				8FB399891AEBF7C100975653 /* PageContentViewController.swift in Sources */,
				8F4247531ADDE348002BA699 /* AppDelegate.swift in Sources */,
				8FBE75701AE73F1100ACC21E /* ProjectViewController.swift in Sources */,
				8FB3998D1AEC0EA100975653 /* WebViewController.swift in Sources */,
			);
			runOnlyForDeploymentPostprocessing = 0;
		};
		8F4247611ADDE348002BA699 /* Sources */ = {
			isa = PBXSourcesBuildPhase;
			buildActionMask = 2147483647;
			files = (
				8F42476C1ADDE348002BA699 /* DiegoDosSantosTests.swift in Sources */,
			);
			runOnlyForDeploymentPostprocessing = 0;
		};
/* End PBXSourcesBuildPhase section */

/* Begin PBXTargetDependency section */
		8F4247671ADDE348002BA699 /* PBXTargetDependency */ = {
			isa = PBXTargetDependency;
			target = 8F42474C1ADDE348002BA699 /* DiegoDosSantos */;
			targetProxy = 8F4247661ADDE348002BA699 /* PBXContainerItemProxy */;
		};
/* End PBXTargetDependency section */

/* Begin PBXVariantGroup section */
		8F42475E1ADDE348002BA699 /* LaunchScreen.xib */ = {
			isa = PBXVariantGroup;
			children = (
				8F42475F1ADDE348002BA699 /* Base */,
			);
			name = LaunchScreen.xib;
			sourceTree = "<group>";
		};
		8FBE75661AE6E39100ACC21E /* Main.storyboard */ = {
			isa = PBXVariantGroup;
			children = (
				8FBE75671AE6E39100ACC21E /* Base */,
			);
			name = Main.storyboard;
			sourceTree = "<group>";
		};
/* End PBXVariantGroup section */

/* Begin XCBuildConfiguration section */
		8F42476D1ADDE348002BA699 /* Debug */ = {
			isa = XCBuildConfiguration;
			buildSettings = {
				ALWAYS_SEARCH_USER_PATHS = NO;
				CLANG_CXX_LANGUAGE_STANDARD = "gnu++0x";
				CLANG_CXX_LIBRARY = "libc++";
				CLANG_ENABLE_MODULES = YES;
				CLANG_ENABLE_OBJC_ARC = YES;
				CLANG_WARN_BOOL_CONVERSION = YES;
				CLANG_WARN_CONSTANT_CONVERSION = YES;
				CLANG_WARN_DIRECT_OBJC_ISA_USAGE = YES_ERROR;
				CLANG_WARN_EMPTY_BODY = YES;
				CLANG_WARN_ENUM_CONVERSION = YES;
				CLANG_WARN_INT_CONVERSION = YES;
				CLANG_WARN_OBJC_ROOT_CLASS = YES_ERROR;
				CLANG_WARN_UNREACHABLE_CODE = YES;
				CLANG_WARN__DUPLICATE_METHOD_MATCH = YES;
				"CODE_SIGN_IDENTITY[sdk=iphoneos*]" = "iPhone Developer";
				COPY_PHASE_STRIP = NO;
				DEBUG_INFORMATION_FORMAT = "dwarf-with-dsym";
				ENABLE_STRICT_OBJC_MSGSEND = YES;
				GCC_C_LANGUAGE_STANDARD = gnu99;
				GCC_DYNAMIC_NO_PIC = NO;
				GCC_NO_COMMON_BLOCKS = YES;
				GCC_OPTIMIZATION_LEVEL = 0;
				GCC_PREPROCESSOR_DEFINITIONS = (
					"DEBUG=1",
					"$(inherited)",
				);
				GCC_SYMBOLS_PRIVATE_EXTERN = NO;
				GCC_WARN_64_TO_32_BIT_CONVERSION = YES;
				GCC_WARN_ABOUT_RETURN_TYPE = YES_ERROR;
				GCC_WARN_UNDECLARED_SELECTOR = YES;
				GCC_WARN_UNINITIALIZED_AUTOS = YES_AGGRESSIVE;
				GCC_WARN_UNUSED_FUNCTION = YES;
				GCC_WARN_UNUSED_VARIABLE = YES;
				IPHONEOS_DEPLOYMENT_TARGET = 8.3;
				MTL_ENABLE_DEBUG_INFO = YES;
				ONLY_ACTIVE_ARCH = YES;
				SDKROOT = iphoneos;
				SWIFT_OPTIMIZATION_LEVEL = "-Onone";
				TARGETED_DEVICE_FAMILY = "1,2";
			};
			name = Debug;
		};
		8F42476E1ADDE348002BA699 /* Release */ = {
			isa = XCBuildConfiguration;
			buildSettings = {
				ALWAYS_SEARCH_USER_PATHS = NO;
				CLANG_CXX_LANGUAGE_STANDARD = "gnu++0x";
				CLANG_CXX_LIBRARY = "libc++";
				CLANG_ENABLE_MODULES = YES;
				CLANG_ENABLE_OBJC_ARC = YES;
				CLANG_WARN_BOOL_CONVERSION = YES;
				CLANG_WARN_CONSTANT_CONVERSION = YES;
				CLANG_WARN_DIRECT_OBJC_ISA_USAGE = YES_ERROR;
				CLANG_WARN_EMPTY_BODY = YES;
				CLANG_WARN_ENUM_CONVERSION = YES;
				CLANG_WARN_INT_CONVERSION = YES;
				CLANG_WARN_OBJC_ROOT_CLASS = YES_ERROR;
				CLANG_WARN_UNREACHABLE_CODE = YES;
				CLANG_WARN__DUPLICATE_METHOD_MATCH = YES;
				"CODE_SIGN_IDENTITY[sdk=iphoneos*]" = "iPhone Developer";
				COPY_PHASE_STRIP = NO;
				DEBUG_INFORMATION_FORMAT = "dwarf-with-dsym";
				ENABLE_NS_ASSERTIONS = NO;
				ENABLE_STRICT_OBJC_MSGSEND = YES;
				GCC_C_LANGUAGE_STANDARD = gnu99;
				GCC_NO_COMMON_BLOCKS = YES;
				GCC_WARN_64_TO_32_BIT_CONVERSION = YES;
				GCC_WARN_ABOUT_RETURN_TYPE = YES_ERROR;
				GCC_WARN_UNDECLARED_SELECTOR = YES;
				GCC_WARN_UNINITIALIZED_AUTOS = YES_AGGRESSIVE;
				GCC_WARN_UNUSED_FUNCTION = YES;
				GCC_WARN_UNUSED_VARIABLE = YES;
				IPHONEOS_DEPLOYMENT_TARGET = 8.3;
				MTL_ENABLE_DEBUG_INFO = NO;
				SDKROOT = iphoneos;
				TARGETED_DEVICE_FAMILY = "1,2";
				VALIDATE_PRODUCT = YES;
			};
			name = Release;
		};
		8F4247701ADDE348002BA699 /* Debug */ = {
			isa = XCBuildConfiguration;
			buildSettings = {
				ASSETCATALOG_COMPILER_APPICON_NAME = AppIcon;
				INFOPLIST_FILE = DiegoDosSantos/Info.plist;
				LD_RUNPATH_SEARCH_PATHS = "$(inherited) @executable_path/Frameworks";
				PRODUCT_NAME = "$(TARGET_NAME)";
				TARGETED_DEVICE_FAMILY = 1;
			};
			name = Debug;
		};
		8F4247711ADDE348002BA699 /* Release */ = {
			isa = XCBuildConfiguration;
			buildSettings = {
				ASSETCATALOG_COMPILER_APPICON_NAME = AppIcon;
				INFOPLIST_FILE = DiegoDosSantos/Info.plist;
				LD_RUNPATH_SEARCH_PATHS = "$(inherited) @executable_path/Frameworks";
				PRODUCT_NAME = "$(TARGET_NAME)";
				TARGETED_DEVICE_FAMILY = 1;
			};
			name = Release;
		};
		8F4247731ADDE348002BA699 /* Debug */ = {
			isa = XCBuildConfiguration;
			buildSettings = {
				BUNDLE_LOADER = "$(TEST_HOST)";
				FRAMEWORK_SEARCH_PATHS = (
					"$(SDKROOT)/Developer/Library/Frameworks",
					"$(inherited)",
				);
				GCC_PREPROCESSOR_DEFINITIONS = (
					"DEBUG=1",
					"$(inherited)",
				);
				INFOPLIST_FILE = DiegoDosSantosTests/Info.plist;
				LD_RUNPATH_SEARCH_PATHS = "$(inherited) @executable_path/Frameworks @loader_path/Frameworks";
				PRODUCT_NAME = "$(TARGET_NAME)";
				TEST_HOST = "$(BUILT_PRODUCTS_DIR)/DiegoDosSantos.app/DiegoDosSantos";
			};
			name = Debug;
		};
		8F4247741ADDE348002BA699 /* Release */ = {
			isa = XCBuildConfiguration;
			buildSettings = {
				BUNDLE_LOADER = "$(TEST_HOST)";
				FRAMEWORK_SEARCH_PATHS = (
					"$(SDKROOT)/Developer/Library/Frameworks",
					"$(inherited)",
				);
				INFOPLIST_FILE = DiegoDosSantosTests/Info.plist;
				LD_RUNPATH_SEARCH_PATHS = "$(inherited) @executable_path/Frameworks @loader_path/Frameworks";
				PRODUCT_NAME = "$(TARGET_NAME)";
				TEST_HOST = "$(BUILT_PRODUCTS_DIR)/DiegoDosSantos.app/DiegoDosSantos";
			};
			name = Release;
		};
/* End XCBuildConfiguration section */

/* Begin XCConfigurationList section */
		8F4247481ADDE348002BA699 /* Build configuration list for PBXProject "DiegoDosSantos" */ = {
			isa = XCConfigurationList;
			buildConfigurations = (
				8F42476D1ADDE348002BA699 /* Debug */,
				8F42476E1ADDE348002BA699 /* Release */,
			);
			defaultConfigurationIsVisible = 0;
			defaultConfigurationName = Release;
		};
		8F42476F1ADDE348002BA699 /* Build configuration list for PBXNativeTarget "DiegoDosSantos" */ = {
			isa = XCConfigurationList;
			buildConfigurations = (
				8F4247701ADDE348002BA699 /* Debug */,
				8F4247711ADDE348002BA699 /* Release */,
			);
			defaultConfigurationIsVisible = 0;
			defaultConfigurationName = Release;
		};
		8F4247721ADDE348002BA699 /* Build configuration list for PBXNativeTarget "DiegoDosSantosTests" */ = {
			isa = XCConfigurationList;
			buildConfigurations = (
				8F4247731ADDE348002BA699 /* Debug */,
				8F4247741ADDE348002BA699 /* Release */,
			);
			defaultConfigurationIsVisible = 0;
			defaultConfigurationName = Release;
		};
/* End XCConfigurationList section */
	};
	rootObject = 8F4247451ADDE348002BA699 /* Project object */;
}
